
Microsoft Visual Studio Solution File, Format Version 12.00
# Visual Studio Version 17
VisualStudioVersion = 17.0.32112.339
MinimumVisualStudioVersion = 10.0.40219.1
Project("{2150E333-8FDC-42A3-9474-1A3956D46DE8}") = "01-Core", "01-Core", "{7C5C0879-F912-429F-95C3-7926B7315000}"
EndProject
Project("{2150E333-8FDC-42A3-9474-1A3956D46DE8}") = "02-Domain", "02-Domain", "{8ECA74AB-3BBD-420A-AFEE-153280257C8C}"
EndProject
Project("{2150E333-8FDC-42A3-9474-1A3956D46DE8}") = "04-Presentation", "04-Presentation", "{ACC0486E-F1E0-4983-A0AD-535548A41EBC}"
EndProject
Project("{2150E333-8FDC-42A3-9474-1A3956D46DE8}") = "Test", "Test", "{D5AEAAF3-1770-4406-99B0-8A15087A07F7}"
EndProject
Project("{9A19103F-16F7-4668-BE54-9A1E7A4F7556}") = "beqom.Core.Contract", "src\01-Core\beqom.Core.Contract\beqom.Core.Contract.csproj", "{629CA465-FB07-45B6-9DD6-0C4A30CF886F}"
EndProject
Project("{9A19103F-16F7-4668-BE54-9A1E7A4F7556}") = "beqom.Core.Enumeration", "src\01-Core\beqom.Core.Enumeration\beqom.Core.Enumeration.csproj", "{3EDFBFCB-2B7D-4397-BDC2-8F85DDC34F7B}"
EndProject
Project("{9A19103F-16F7-4668-BE54-9A1E7A4F7556}") = "beqom.Presentation.API", "src\04-Presentation\beqom.Presentation.API\beqom.Presentation.API.csproj", "{2D2B63FC-19C9-487E-B618-36E4D81DF6FA}"
EndProject
Project("{9A19103F-16F7-4668-BE54-9A1E7A4F7556}") = "beqom.Core.Extension", "src\01-Core\beqom.Core.Extension\beqom.Core.Extension.csproj", "{D18617EC-D320-44E1-8FE4-55C9215F6F08}"
EndProject
Project("{2150E333-8FDC-42A3-9474-1A3956D46DE8}") = "03-Application", "03-Application", "{158D49BE-5571-42A7-8CBC-1F3B01B588EF}"
EndProject
Project("{9A19103F-16F7-4668-BE54-9A1E7A4F7556}") = "beqom.Application.Contract", "src\03-Application\beqom.Application.Contract\beqom.Application.Contract.csproj", "{F95F07F5-2022-4DC4-AB55-3625371ABDAC}"
EndProject
Project("{9A19103F-16F7-4668-BE54-9A1E7A4F7556}") = "beqom.Domain.Aggregate", "src\02-Domain\beqom.Domain.Aggregate\beqom.Domain.Aggregate.csproj", "{9AE859CA-B26B-40AC-88CA-FEE967DE1A42}"
EndProject
Project("{9A19103F-16F7-4668-BE54-9A1E7A4F7556}") = "beqom.Core.Logger", "src\01-Core\beqom.Core.Logger\beqom.Core.Logger.csproj", "{167369F5-79E3-4ECF-AB47-17512C60DC2C}"
EndProject
Project("{9A19103F-16F7-4668-BE54-9A1E7A4F7556}") = "beqom.Application.CommandQuery", "src\03-Application\beqom.Application.CommandQuery\beqom.Application.CommandQuery.csproj", "{3E66B760-BCB5-456B-A6D2-C8ED8717B58D}"
EndProject
Project("{9A19103F-16F7-4668-BE54-9A1E7A4F7556}") = "beqom.Domain.Contract", "src\02-Domain\beqom.Domain.Contract\beqom.Domain.Contract\beqom.Domain.Contract.csproj", "{A046D515-ACDE-434C-BC1D-FEE669C0B8D3}"
EndProject
Project("{9A19103F-16F7-4668-BE54-9A1E7A4F7556}") = "beqom.Aggregate.Test", "test\beqom.Test.Aggregate\beqom.Aggregate.Test.csproj", "{8C57FECC-43E8-40B5-814F-18035B1F834D}"
EndProject
Project("{9A19103F-16F7-4668-BE54-9A1E7A4F7556}") = "beqom.Domain.Repository", "src\02-Domain\beqom.Domain.Repository\beqom.Domain.Repository.csproj", "{5D520BE0-74F4-4C75-B110-A7CA95BDEA99}"
EndProject
Project("{FAE04EC0-301F-11D3-BF4B-00C04F79EFBC}") = "beqom.Repository.Test", "test\beqom.Repository.Test\beqom.Repository.Test.csproj", "{A3B40817-9DFB-42E7-900A-68D540ADD742}"
EndProject
Project("{FAE04EC0-301F-11D3-BF4B-00C04F79EFBC}") = "beqom.API.Test", "test\beqom.API.Test\beqom.API.Test.csproj", "{768D4D98-EF17-4417-8533-425C49AAE986}"
EndProject
Project("{FAE04EC0-301F-11D3-BF4B-00C04F79EFBC}") = "beqom.Applidation.Test", "test\beqom.Applidation.Test\beqom.Applidation.Test.csproj", "{96617D7C-2219-4820-B286-E62D9030477D}"
EndProject
Global
	GlobalSection(SolutionConfigurationPlatforms) = preSolution
		Debug|Any CPU = Debug|Any CPU
		Release|Any CPU = Release|Any CPU
	EndGlobalSection
	GlobalSection(ProjectConfigurationPlatforms) = postSolution
		{629CA465-FB07-45B6-9DD6-0C4A30CF886F}.Debug|Any CPU.ActiveCfg = Debug|Any CPU
		{629CA465-FB07-45B6-9DD6-0C4A30CF886F}.Debug|Any CPU.Build.0 = Debug|Any CPU
		{629CA465-FB07-45B6-9DD6-0C4A30CF886F}.Release|Any CPU.ActiveCfg = Release|Any CPU
		{629CA465-FB07-45B6-9DD6-0C4A30CF886F}.Release|Any CPU.Build.0 = Release|Any CPU
		{3EDFBFCB-2B7D-4397-BDC2-8F85DDC34F7B}.Debug|Any CPU.ActiveCfg = Debug|Any CPU
		{3EDFBFCB-2B7D-4397-BDC2-8F85DDC34F7B}.Debug|Any CPU.Build.0 = Debug|Any CPU
		{3EDFBFCB-2B7D-4397-BDC2-8F85DDC34F7B}.Release|Any CPU.ActiveCfg = Release|Any CPU
		{3EDFBFCB-2B7D-4397-BDC2-8F85DDC34F7B}.Release|Any CPU.Build.0 = Release|Any CPU
		{2D2B63FC-19C9-487E-B618-36E4D81DF6FA}.Debug|Any CPU.ActiveCfg = Debug|Any CPU
		{2D2B63FC-19C9-487E-B618-36E4D81DF6FA}.Debug|Any CPU.Build.0 = Debug|Any CPU
		{2D2B63FC-19C9-487E-B618-36E4D81DF6FA}.Release|Any CPU.ActiveCfg = Release|Any CPU
		{2D2B63FC-19C9-487E-B618-36E4D81DF6FA}.Release|Any CPU.Build.0 = Release|Any CPU
		{D18617EC-D320-44E1-8FE4-55C9215F6F08}.Debug|Any CPU.ActiveCfg = Debug|Any CPU
		{D18617EC-D320-44E1-8FE4-55C9215F6F08}.Debug|Any CPU.Build.0 = Debug|Any CPU
		{D18617EC-D320-44E1-8FE4-55C9215F6F08}.Release|Any CPU.ActiveCfg = Release|Any CPU
		{D18617EC-D320-44E1-8FE4-55C9215F6F08}.Release|Any CPU.Build.0 = Release|Any CPU
		{F95F07F5-2022-4DC4-AB55-3625371ABDAC}.Debug|Any CPU.ActiveCfg = Debug|Any CPU
		{F95F07F5-2022-4DC4-AB55-3625371ABDAC}.Debug|Any CPU.Build.0 = Debug|Any CPU
		{F95F07F5-2022-4DC4-AB55-3625371ABDAC}.Release|Any CPU.ActiveCfg = Release|Any CPU
		{F95F07F5-2022-4DC4-AB55-3625371ABDAC}.Release|Any CPU.Build.0 = Release|Any CPU
		{9AE859CA-B26B-40AC-88CA-FEE967DE1A42}.Debug|Any CPU.ActiveCfg = Debug|Any CPU
		{9AE859CA-B26B-40AC-88CA-FEE967DE1A42}.Debug|Any CPU.Build.0 = Debug|Any CPU
		{9AE859CA-B26B-40AC-88CA-FEE967DE1A42}.Release|Any CPU.ActiveCfg = Release|Any CPU
		{9AE859CA-B26B-40AC-88CA-FEE967DE1A42}.Release|Any CPU.Build.0 = Release|Any CPU
		{167369F5-79E3-4ECF-AB47-17512C60DC2C}.Debug|Any CPU.ActiveCfg = Debug|Any CPU
		{167369F5-79E3-4ECF-AB47-17512C60DC2C}.Debug|Any CPU.Build.0 = Debug|Any CPU
		{167369F5-79E3-4ECF-AB47-17512C60DC2C}.Release|Any CPU.ActiveCfg = Release|Any CPU
		{167369F5-79E3-4ECF-AB47-17512C60DC2C}.Release|Any CPU.Build.0 = Release|Any CPU
		{3E66B760-BCB5-456B-A6D2-C8ED8717B58D}.Debug|Any CPU.ActiveCfg = Debug|Any CPU
		{3E66B760-BCB5-456B-A6D2-C8ED8717B58D}.Debug|Any CPU.Build.0 = Debug|Any CPU
		{3E66B760-BCB5-456B-A6D2-C8ED8717B58D}.Release|Any CPU.ActiveCfg = Release|Any CPU
		{3E66B760-BCB5-456B-A6D2-C8ED8717B58D}.Release|Any CPU.Build.0 = Release|Any CPU
		{A046D515-ACDE-434C-BC1D-FEE669C0B8D3}.Debug|Any CPU.ActiveCfg = Debug|Any CPU
		{A046D515-ACDE-434C-BC1D-FEE669C0B8D3}.Debug|Any CPU.Build.0 = Debug|Any CPU
		{A046D515-ACDE-434C-BC1D-FEE669C0B8D3}.Release|Any CPU.ActiveCfg = Release|Any CPU
		{A046D515-ACDE-434C-BC1D-FEE669C0B8D3}.Release|Any CPU.Build.0 = Release|Any CPU
		{8C57FECC-43E8-40B5-814F-18035B1F834D}.Debug|Any CPU.ActiveCfg = Debug|Any CPU
		{8C57FECC-43E8-40B5-814F-18035B1F834D}.Debug|Any CPU.Build.0 = Debug|Any CPU
		{8C57FECC-43E8-40B5-814F-18035B1F834D}.Release|Any CPU.ActiveCfg = Release|Any CPU
		{8C57FECC-43E8-40B5-814F-18035B1F834D}.Release|Any CPU.Build.0 = Release|Any CPU
		{5D520BE0-74F4-4C75-B110-A7CA95BDEA99}.Debug|Any CPU.ActiveCfg = Debug|Any CPU
		{5D520BE0-74F4-4C75-B110-A7CA95BDEA99}.Debug|Any CPU.Build.0 = Debug|Any CPU
		{5D520BE0-74F4-4C75-B110-A7CA95BDEA99}.Release|Any CPU.ActiveCfg = Release|Any CPU
		{5D520BE0-74F4-4C75-B110-A7CA95BDEA99}.Release|Any CPU.Build.0 = Release|Any CPU
		{A3B40817-9DFB-42E7-900A-68D540ADD742}.Debug|Any CPU.ActiveCfg = Debug|Any CPU
		{A3B40817-9DFB-42E7-900A-68D540ADD742}.Debug|Any CPU.Build.0 = Debug|Any CPU
		{A3B40817-9DFB-42E7-900A-68D540ADD742}.Release|Any CPU.ActiveCfg = Release|Any CPU
		{A3B40817-9DFB-42E7-900A-68D540ADD742}.Release|Any CPU.Build.0 = Release|Any CPU
		{768D4D98-EF17-4417-8533-425C49AAE986}.Debug|Any CPU.ActiveCfg = Debug|Any CPU
		{768D4D98-EF17-4417-8533-425C49AAE986}.Debug|Any CPU.Build.0 = Debug|Any CPU
		{768D4D98-EF17-4417-8533-425C49AAE986}.Release|Any CPU.ActiveCfg = Release|Any CPU
		{768D4D98-EF17-4417-8533-425C49AAE986}.Release|Any CPU.Build.0 = Release|Any CPU
		{96617D7C-2219-4820-B286-E62D9030477D}.Debug|Any CPU.ActiveCfg = Debug|Any CPU
		{96617D7C-2219-4820-B286-E62D9030477D}.Debug|Any CPU.Build.0 = Debug|Any CPU
		{96617D7C-2219-4820-B286-E62D9030477D}.Release|Any CPU.ActiveCfg = Release|Any CPU
		{96617D7C-2219-4820-B286-E62D9030477D}.Release|Any CPU.Build.0 = Release|Any CPU
	EndGlobalSection
	GlobalSection(SolutionProperties) = preSolution
		HideSolutionNode = FALSE
	EndGlobalSection
	GlobalSection(NestedProjects) = preSolution
		{629CA465-FB07-45B6-9DD6-0C4A30CF886F} = {7C5C0879-F912-429F-95C3-7926B7315000}
		{3EDFBFCB-2B7D-4397-BDC2-8F85DDC34F7B} = {7C5C0879-F912-429F-95C3-7926B7315000}
		{2D2B63FC-19C9-487E-B618-36E4D81DF6FA} = {ACC0486E-F1E0-4983-A0AD-535548A41EBC}
		{D18617EC-D320-44E1-8FE4-55C9215F6F08} = {7C5C0879-F912-429F-95C3-7926B7315000}
		{F95F07F5-2022-4DC4-AB55-3625371ABDAC} = {158D49BE-5571-42A7-8CBC-1F3B01B588EF}
		{9AE859CA-B26B-40AC-88CA-FEE967DE1A42} = {8ECA74AB-3BBD-420A-AFEE-153280257C8C}
		{167369F5-79E3-4ECF-AB47-17512C60DC2C} = {7C5C0879-F912-429F-95C3-7926B7315000}
		{3E66B760-BCB5-456B-A6D2-C8ED8717B58D} = {158D49BE-5571-42A7-8CBC-1F3B01B588EF}
		{A046D515-ACDE-434C-BC1D-FEE669C0B8D3} = {8ECA74AB-3BBD-420A-AFEE-153280257C8C}
		{8C57FECC-43E8-40B5-814F-18035B1F834D} = {D5AEAAF3-1770-4406-99B0-8A15087A07F7}
		{5D520BE0-74F4-4C75-B110-A7CA95BDEA99} = {8ECA74AB-3BBD-420A-AFEE-153280257C8C}
		{A3B40817-9DFB-42E7-900A-68D540ADD742} = {D5AEAAF3-1770-4406-99B0-8A15087A07F7}
		{768D4D98-EF17-4417-8533-425C49AAE986} = {D5AEAAF3-1770-4406-99B0-8A15087A07F7}
		{96617D7C-2219-4820-B286-E62D9030477D} = {D5AEAAF3-1770-4406-99B0-8A15087A07F7}
	EndGlobalSection
	GlobalSection(ExtensibilityGlobals) = postSolution
		SolutionGuid = {BA2682F7-54ED-458C-BC48-AC361594881B}
	EndGlobalSection
EndGlobal
